// !$*UTF8*$!
{
	archiveVersion = 1;
	classes = {
	};
	objectVersion = 50;
	objects = {

/* Begin PBXBuildFile section */
		0C2293BC2081B94D00A74864 /* WhatieSDK.framework in Frameworks */ = {isa = PBXBuildFile; fileRef = 0C2293BB2081B94D00A74864 /* WhatieSDK.framework */; };
		0CB4A94B208087AB008C2017 /* AppDelegate.m in Sources */ = {isa = PBXBuildFile; fileRef = 0CB4A94A208087AB008C2017 /* AppDelegate.m */; };
		0CB4A94E208087AB008C2017 /* ViewController.m in Sources */ = {isa = PBXBuildFile; fileRef = 0CB4A94D208087AB008C2017 /* ViewController.m */; };
		0CB4A951208087AB008C2017 /* Main.storyboard in Resources */ = {isa = PBXBuildFile; fileRef = 0CB4A94F208087AB008C2017 /* Main.storyboard */; };
		0CB4A953208087CB008C2017 /* Assets.xcassets in Resources */ = {isa = PBXBuildFile; fileRef = 0CB4A952208087CB008C2017 /* Assets.xcassets */; };
		0CB4A956208087CB008C2017 /* LaunchScreen.storyboard in Resources */ = {isa = PBXBuildFile; fileRef = 0CB4A954208087CB008C2017 /* LaunchScreen.storyboard */; };
		0CB4A959208087CB008C2017 /* main.m in Sources */ = {isa = PBXBuildFile; fileRef = 0CB4A958208087CB008C2017 /* main.m */; };
		0CB4A963208087CB008C2017 /* WhatieSDKDemoTests.m in Sources */ = {isa = PBXBuildFile; fileRef = 0CB4A962208087CB008C2017 /* WhatieSDKDemoTests.m */; };
		0CB4A96E208087CB008C2017 /* WhatieSDKDemoUITests.m in Sources */ = {isa = PBXBuildFile; fileRef = 0CB4A96D208087CB008C2017 /* WhatieSDKDemoUITests.m */; };
		1DE837C060A6979515A6C708 /* libPods-WhatieSDKDemo.a in Frameworks */ = {isa = PBXBuildFile; fileRef = D3060AB96A092517C1EF1A2D /* libPods-WhatieSDKDemo.a */; };
		4D8A7937488294CC1F45981F /* libPods-WhatieSDKDemoTests.a in Frameworks */ = {isa = PBXBuildFile; fileRef = 3353857A322CF1969C61E536 /* libPods-WhatieSDKDemoTests.a */; };
		5FE5F7606CDE0FC0F323A9F5 /* libPods-WhatieSDKDemoUITests.a in Frameworks */ = {isa = PBXBuildFile; fileRef = 781F4340D496FFC6D0AE3461 /* libPods-WhatieSDKDemoUITests.a */; };
/* End PBXBuildFile section */

/* Begin PBXContainerItemProxy section */
		0CB4A95F208087CB008C2017 /* PBXContainerItemProxy */ = {
			isa = PBXContainerItemProxy;
			containerPortal = 0CB4A93E208087AB008C2017 /* Project object */;
			proxyType = 1;
			remoteGlobalIDString = 0CB4A945208087AB008C2017;
			remoteInfo = WhatieSDKDemo;
		};
		0CB4A96A208087CB008C2017 /* PBXContainerItemProxy */ = {
			isa = PBXContainerItemProxy;
			containerPortal = 0CB4A93E208087AB008C2017 /* Project object */;
			proxyType = 1;
			remoteGlobalIDString = 0CB4A945208087AB008C2017;
			remoteInfo = WhatieSDKDemo;
		};
/* End PBXContainerItemProxy section */

/* Begin PBXFileReference section */
		0C2293BB2081B94D00A74864 /* WhatieSDK.framework */ = {isa = PBXFileReference; lastKnownFileType = wrapper.framework; path = WhatieSDK.framework; sourceTree = "<group>"; };
		0CB4A946208087AB008C2017 /* WhatieSDKDemo.app */ = {isa = PBXFileReference; explicitFileType = wrapper.application; includeInIndex = 0; path = WhatieSDKDemo.app; sourceTree = BUILT_PRODUCTS_DIR; };
		0CB4A949208087AB008C2017 /* AppDelegate.h */ = {isa = PBXFileReference; lastKnownFileType = sourcecode.c.h; path = AppDelegate.h; sourceTree = "<group>"; };
		0CB4A94A208087AB008C2017 /* AppDelegate.m */ = {isa = PBXFileReference; lastKnownFileType = sourcecode.c.objc; path = AppDelegate.m; sourceTree = "<group>"; };
		0CB4A94C208087AB008C2017 /* ViewController.h */ = {isa = PBXFileReference; lastKnownFileType = sourcecode.c.h; path = ViewController.h; sourceTree = "<group>"; };
		0CB4A94D208087AB008C2017 /* ViewController.m */ = {isa = PBXFileReference; lastKnownFileType = sourcecode.c.objc; path = ViewController.m; sourceTree = "<group>"; };
		0CB4A950208087AB008C2017 /* Base */ = {isa = PBXFileReference; lastKnownFileType = file.storyboard; name = Base; path = Base.lproj/Main.storyboard; sourceTree = "<group>"; };
		0CB4A952208087CB008C2017 /* Assets.xcassets */ = {isa = PBXFileReference; lastKnownFileType = folder.assetcatalog; path = Assets.xcassets; sourceTree = "<group>"; };
		0CB4A955208087CB008C2017 /* Base */ = {isa = PBXFileReference; lastKnownFileType = file.storyboard; name = Base; path = Base.lproj/LaunchScreen.storyboard; sourceTree = "<group>"; };
		0CB4A957208087CB008C2017 /* Info.plist */ = {isa = PBXFileReference; lastKnownFileType = text.plist.xml; path = Info.plist; sourceTree = "<group>"; };
		0CB4A958208087CB008C2017 /* main.m */ = {isa = PBXFileReference; lastKnownFileType = sourcecode.c.objc; path = main.m; sourceTree = "<group>"; };
		0CB4A95E208087CB008C2017 /* WhatieSDKDemoTests.xctest */ = {isa = PBXFileReference; explicitFileType = wrapper.cfbundle; includeInIndex = 0; path = WhatieSDKDemoTests.xctest; sourceTree = BUILT_PRODUCTS_DIR; };
		0CB4A962208087CB008C2017 /* WhatieSDKDemoTests.m */ = {isa = PBXFileReference; lastKnownFileType = sourcecode.c.objc; path = WhatieSDKDemoTests.m; sourceTree = "<group>"; };
		0CB4A964208087CB008C2017 /* Info.plist */ = {isa = PBXFileReference; lastKnownFileType = text.plist.xml; path = Info.plist; sourceTree = "<group>"; };
		0CB4A969208087CB008C2017 /* WhatieSDKDemoUITests.xctest */ = {isa = PBXFileReference; explicitFileType = wrapper.cfbundle; includeInIndex = 0; path = WhatieSDKDemoUITests.xctest; sourceTree = BUILT_PRODUCTS_DIR; };
		0CB4A96D208087CB008C2017 /* WhatieSDKDemoUITests.m */ = {isa = PBXFileReference; lastKnownFileType = sourcecode.c.objc; path = WhatieSDKDemoUITests.m; sourceTree = "<group>"; };
		0CB4A96F208087CB008C2017 /* Info.plist */ = {isa = PBXFileReference; lastKnownFileType = text.plist.xml; path = Info.plist; sourceTree = "<group>"; };
		3353857A322CF1969C61E536 /* libPods-WhatieSDKDemoTests.a */ = {isa = PBXFileReference; explicitFileType = archive.ar; includeInIndex = 0; path = "libPods-WhatieSDKDemoTests.a"; sourceTree = BUILT_PRODUCTS_DIR; };
		781F4340D496FFC6D0AE3461 /* libPods-WhatieSDKDemoUITests.a */ = {isa = PBXFileReference; explicitFileType = archive.ar; includeInIndex = 0; path = "libPods-WhatieSDKDemoUITests.a"; sourceTree = BUILT_PRODUCTS_DIR; };
		825AAC3DEE68AC92AB5E68E7 /* Pods-WhatieSDKDemoUITests.debug.xcconfig */ = {isa = PBXFileReference; includeInIndex = 1; lastKnownFileType = text.xcconfig; name = "Pods-WhatieSDKDemoUITests.debug.xcconfig"; path = "Pods/Target Support Files/Pods-WhatieSDKDemoUITests/Pods-WhatieSDKDemoUITests.debug.xcconfig"; sourceTree = "<group>"; };
		B5D753639852B3A92984AB2A /* Pods-WhatieSDKDemoTests.debug.xcconfig */ = {isa = PBXFileReference; includeInIndex = 1; lastKnownFileType = text.xcconfig; name = "Pods-WhatieSDKDemoTests.debug.xcconfig"; path = "Pods/Target Support Files/Pods-WhatieSDKDemoTests/Pods-WhatieSDKDemoTests.debug.xcconfig"; sourceTree = "<group>"; };
		BC50C01285FE41E243FCAA47 /* Pods-WhatieSDKDemoTests.release.xcconfig */ = {isa = PBXFileReference; includeInIndex = 1; lastKnownFileType = text.xcconfig; name = "Pods-WhatieSDKDemoTests.release.xcconfig"; path = "Pods/Target Support Files/Pods-WhatieSDKDemoTests/Pods-WhatieSDKDemoTests.release.xcconfig"; sourceTree = "<group>"; };
		D3060AB96A092517C1EF1A2D /* libPods-WhatieSDKDemo.a */ = {isa = PBXFileReference; explicitFileType = archive.ar; includeInIndex = 0; path = "libPods-WhatieSDKDemo.a"; sourceTree = BUILT_PRODUCTS_DIR; };
		E59295F78C6670A39F64ADB2 /* Pods-WhatieSDKDemo.release.xcconfig */ = {isa = PBXFileReference; includeInIndex = 1; lastKnownFileType = text.xcconfig; name = "Pods-WhatieSDKDemo.release.xcconfig"; path = "Pods/Target Support Files/Pods-WhatieSDKDemo/Pods-WhatieSDKDemo.release.xcconfig"; sourceTree = "<group>"; };
		E7AE5D8608AC924544C66DEB /* Pods-WhatieSDKDemoUITests.release.xcconfig */ = {isa = PBXFileReference; includeInIndex = 1; lastKnownFileType = text.xcconfig; name = "Pods-WhatieSDKDemoUITests.release.xcconfig"; path = "Pods/Target Support Files/Pods-WhatieSDKDemoUITests/Pods-WhatieSDKDemoUITests.release.xcconfig"; sourceTree = "<group>"; };
		EFBA169DC859625F1DC506B3 /* Pods-WhatieSDKDemo.debug.xcconfig */ = {isa = PBXFileReference; includeInIndex = 1; lastKnownFileType = text.xcconfig; name = "Pods-WhatieSDKDemo.debug.xcconfig"; path = "Pods/Target Support Files/Pods-WhatieSDKDemo/Pods-WhatieSDKDemo.debug.xcconfig"; sourceTree = "<group>"; };
/* End PBXFileReference section */

/* Begin PBXFrameworksBuildPhase section */
		0CB4A943208087AB008C2017 /* Frameworks */ = {
			isa = PBXFrameworksBuildPhase;
			buildActionMask = 2147483647;
			files = (
				1DE837C060A6979515A6C708 /* libPods-WhatieSDKDemo.a in Frameworks */,
				0C2293BC2081B94D00A74864 /* WhatieSDK.framework in Frameworks */,
			);
			runOnlyForDeploymentPostprocessing = 0;
		};
		0CB4A95B208087CB008C2017 /* Frameworks */ = {
			isa = PBXFrameworksBuildPhase;
			buildActionMask = 2147483647;
			files = (
				4D8A7937488294CC1F45981F /* libPods-WhatieSDKDemoTests.a in Frameworks */,
			);
			runOnlyForDeploymentPostprocessing = 0;
		};
		0CB4A966208087CB008C2017 /* Frameworks */ = {
			isa = PBXFrameworksBuildPhase;
			buildActionMask = 2147483647;
			files = (
				5FE5F7606CDE0FC0F323A9F5 /* libPods-WhatieSDKDemoUITests.a in Frameworks */,
			);
			runOnlyForDeploymentPostprocessing = 0;
		};
/* End PBXFrameworksBuildPhase section */

/* Begin PBXGroup section */
		0CB4A93D208087AB008C2017 = {
			isa = PBXGroup;
			children = (
				0CB4A948208087AB008C2017 /* WhatieSDKDemo */,
				0CB4A961208087CB008C2017 /* WhatieSDKDemoTests */,
				0CB4A96C208087CB008C2017 /* WhatieSDKDemoUITests */,
				0CB4A947208087AB008C2017 /* Products */,
				4FB1DB96C82AD6DFA0AB7C9D /* Pods */,
				F485E59782A7943DF687958B /* Frameworks */,
			);
			sourceTree = "<group>";
		};
		0CB4A947208087AB008C2017 /* Products */ = {
			isa = PBXGroup;
			children = (
				0CB4A946208087AB008C2017 /* WhatieSDKDemo.app */,
				0CB4A95E208087CB008C2017 /* WhatieSDKDemoTests.xctest */,
				0CB4A969208087CB008C2017 /* WhatieSDKDemoUITests.xctest */,
			);
			name = Products;
			sourceTree = "<group>";
		};
		0CB4A948208087AB008C2017 /* WhatieSDKDemo */ = {
			isa = PBXGroup;
			children = (
				0CB4A949208087AB008C2017 /* AppDelegate.h */,
				0CB4A94A208087AB008C2017 /* AppDelegate.m */,
				0CB4A94C208087AB008C2017 /* ViewController.h */,
				0CB4A94D208087AB008C2017 /* ViewController.m */,
				0CB4A94F208087AB008C2017 /* Main.storyboard */,
				0CB4A952208087CB008C2017 /* Assets.xcassets */,
				0CB4A954208087CB008C2017 /* LaunchScreen.storyboard */,
				0CB4A957208087CB008C2017 /* Info.plist */,
				0CB4A958208087CB008C2017 /* main.m */,
			);
			path = WhatieSDKDemo;
			sourceTree = "<group>";
		};
		0CB4A961208087CB008C2017 /* WhatieSDKDemoTests */ = {
			isa = PBXGroup;
			children = (
				0CB4A962208087CB008C2017 /* WhatieSDKDemoTests.m */,
				0CB4A964208087CB008C2017 /* Info.plist */,
			);
			path = WhatieSDKDemoTests;
			sourceTree = "<group>";
		};
		0CB4A96C208087CB008C2017 /* WhatieSDKDemoUITests */ = {
			isa = PBXGroup;
			children = (
				0CB4A96D208087CB008C2017 /* WhatieSDKDemoUITests.m */,
				0CB4A96F208087CB008C2017 /* Info.plist */,
			);
			path = WhatieSDKDemoUITests;
			sourceTree = "<group>";
		};
		4FB1DB96C82AD6DFA0AB7C9D /* Pods */ = {
			isa = PBXGroup;
			children = (
				EFBA169DC859625F1DC506B3 /* Pods-WhatieSDKDemo.debug.xcconfig */,
				E59295F78C6670A39F64ADB2 /* Pods-WhatieSDKDemo.release.xcconfig */,
				B5D753639852B3A92984AB2A /* Pods-WhatieSDKDemoTests.debug.xcconfig */,
				BC50C01285FE41E243FCAA47 /* Pods-WhatieSDKDemoTests.release.xcconfig */,
				825AAC3DEE68AC92AB5E68E7 /* Pods-WhatieSDKDemoUITests.debug.xcconfig */,
				E7AE5D8608AC924544C66DEB /* Pods-WhatieSDKDemoUITests.release.xcconfig */,
			);
			name = Pods;
			sourceTree = "<group>";
		};
		F485E59782A7943DF687958B /* Frameworks */ = {
			isa = PBXGroup;
			children = (
				0C2293BB2081B94D00A74864 /* WhatieSDK.framework */,
				D3060AB96A092517C1EF1A2D /* libPods-WhatieSDKDemo.a */,
				3353857A322CF1969C61E536 /* libPods-WhatieSDKDemoTests.a */,
				781F4340D496FFC6D0AE3461 /* libPods-WhatieSDKDemoUITests.a */,
			);
			name = Frameworks;
			sourceTree = "<group>";
		};
/* End PBXGroup section */

/* Begin PBXNativeTarget section */
		0CB4A945208087AB008C2017 /* WhatieSDKDemo */ = {
			isa = PBXNativeTarget;
			buildConfigurationList = 0CB4A972208087CB008C2017 /* Build configuration list for PBXNativeTarget "WhatieSDKDemo" */;
			buildPhases = (
				5918DC7038CEF9FC8F25EC70 /* [CP] Check Pods Manifest.lock */,
				0CB4A942208087AB008C2017 /* Sources */,
				0CB4A943208087AB008C2017 /* Frameworks */,
				0CB4A944208087AB008C2017 /* Resources */,
				3B72569B441911B86D7EA34A /* [CP] Embed Pods Frameworks */,
				566BA2460D0B01AC6445FA9E /* [CP] Copy Pods Resources */,
			);
			buildRules = (
			);
			dependencies = (
			);
			name = WhatieSDKDemo;
			productName = WhatieSDKDemo;
			productReference = 0CB4A946208087AB008C2017 /* WhatieSDKDemo.app */;
			productType = "com.apple.product-type.application";
		};
		0CB4A95D208087CB008C2017 /* WhatieSDKDemoTests */ = {
			isa = PBXNativeTarget;
			buildConfigurationList = 0CB4A975208087CB008C2017 /* Build configuration list for PBXNativeTarget "WhatieSDKDemoTests" */;
			buildPhases = (
				2CA008FE85175EE25E8351F1 /* [CP] Check Pods Manifest.lock */,
				0CB4A95A208087CB008C2017 /* Sources */,
				0CB4A95B208087CB008C2017 /* Frameworks */,
				0CB4A95C208087CB008C2017 /* Resources */,
				C73B621CB25810444E1B7943 /* [CP] Embed Pods Frameworks */,
				A2E4B4EA8F836762C0AB97ED /* [CP] Copy Pods Resources */,
			);
			buildRules = (
			);
			dependencies = (
				0CB4A960208087CB008C2017 /* PBXTargetDependency */,
			);
			name = WhatieSDKDemoTests;
			productName = WhatieSDKDemoTests;
			productReference = 0CB4A95E208087CB008C2017 /* WhatieSDKDemoTests.xctest */;
			productType = "com.apple.product-type.bundle.unit-test";
		};
		0CB4A968208087CB008C2017 /* WhatieSDKDemoUITests */ = {
			isa = PBXNativeTarget;
			buildConfigurationList = 0CB4A978208087CB008C2017 /* Build configuration list for PBXNativeTarget "WhatieSDKDemoUITests" */;
			buildPhases = (
				F4F7EBB0567C4AC6EF7A05A0 /* [CP] Check Pods Manifest.lock */,
				0CB4A965208087CB008C2017 /* Sources */,
				0CB4A966208087CB008C2017 /* Frameworks */,
				0CB4A967208087CB008C2017 /* Resources */,
				47514C56B3D1EBF1168C201A /* [CP] Embed Pods Frameworks */,
				FCCF4591DD9077897E71D756 /* [CP] Copy Pods Resources */,
			);
			buildRules = (
			);
			dependencies = (
				0CB4A96B208087CB008C2017 /* PBXTargetDependency */,
			);
			name = WhatieSDKDemoUITests;
			productName = WhatieSDKDemoUITests;
			productReference = 0CB4A969208087CB008C2017 /* WhatieSDKDemoUITests.xctest */;
			productType = "com.apple.product-type.bundle.ui-testing";
		};
/* End PBXNativeTarget section */

/* Begin PBXProject section */
		0CB4A93E208087AB008C2017 /* Project object */ = {
			isa = PBXProject;
			attributes = {
				CLASSPREFIX = EHOME;
				LastUpgradeCheck = 0930;
				ORGANIZATIONNAME = IIDreams;
				TargetAttributes = {
					0CB4A945208087AB008C2017 = {
						CreatedOnToolsVersion = 9.3;
					};
					0CB4A95D208087CB008C2017 = {
						CreatedOnToolsVersion = 9.3;
						TestTargetID = 0CB4A945208087AB008C2017;
					};
					0CB4A968208087CB008C2017 = {
						CreatedOnToolsVersion = 9.3;
						TestTargetID = 0CB4A945208087AB008C2017;
					};
				};
			};
			buildConfigurationList = 0CB4A941208087AB008C2017 /* Build configuration list for PBXProject "WhatieSDKDemo" */;
			compatibilityVersion = "Xcode 9.3";
			developmentRegion = en;
			hasScannedForEncodings = 0;
			knownRegions = (
				en,
				Base,
			);
			mainGroup = 0CB4A93D208087AB008C2017;
			productRefGroup = 0CB4A947208087AB008C2017 /* Products */;
			projectDirPath = "";
			projectRoot = "";
			targets = (
				0CB4A945208087AB008C2017 /* WhatieSDKDemo */,
				0CB4A95D208087CB008C2017 /* WhatieSDKDemoTests */,
				0CB4A968208087CB008C2017 /* WhatieSDKDemoUITests */,
			);
		};
/* End PBXProject section */

/* Begin PBXResourcesBuildPhase section */
		0CB4A944208087AB008C2017 /* Resources */ = {
			isa = PBXResourcesBuildPhase;
			buildActionMask = 2147483647;
			files = (
				0CB4A956208087CB008C2017 /* LaunchScreen.storyboard in Resources */,
				0CB4A953208087CB008C2017 /* Assets.xcassets in Resources */,
				0CB4A951208087AB008C2017 /* Main.storyboard in Resources */,
			);
			runOnlyForDeploymentPostprocessing = 0;
		};
		0CB4A95C208087CB008C2017 /* Resources */ = {
			isa = PBXResourcesBuildPhase;
			buildActionMask = 2147483647;
			files = (
			);
			runOnlyForDeploymentPostprocessing = 0;
		};
		0CB4A967208087CB008C2017 /* Resources */ = {
			isa = PBXResourcesBuildPhase;
			buildActionMask = 2147483647;
			files = (
			);
			runOnlyForDeploymentPostprocessing = 0;
		};
/* End PBXResourcesBuildPhase section */

/* Begin PBXShellScriptBuildPhase section */
		2CA008FE85175EE25E8351F1 /* [CP] Check Pods Manifest.lock */ = {
			isa = PBXShellScriptBuildPhase;
			buildActionMask = 2147483647;
			files = (
			);
			inputPaths = (
				"${PODS_PODFILE_DIR_PATH}/Podfile.lock",
				"${PODS_ROOT}/Manifest.lock",
			);
			name = "[CP] Check Pods Manifest.lock";
			outputPaths = (
				"$(DERIVED_FILE_DIR)/Pods-WhatieSDKDemoTests-checkManifestLockResult.txt",
			);
			runOnlyForDeploymentPostprocessing = 0;
			shellPath = /bin/sh;
			shellScript = "diff \"${PODS_PODFILE_DIR_PATH}/Podfile.lock\" \"${PODS_ROOT}/Manifest.lock\" > /dev/null\nif [ $? != 0 ] ; then\n    # print error to STDERR\n    echo \"error: The sandbox is not in sync with the Podfile.lock. Run 'pod install' or update your CocoaPods installation.\" >&2\n    exit 1\nfi\n# This output is used by Xcode 'outputs' to avoid re-running this script phase.\necho \"SUCCESS\" > \"${SCRIPT_OUTPUT_FILE_0}\"\n";
			showEnvVarsInLog = 0;
		};
		3B72569B441911B86D7EA34A /* [CP] Embed Pods Frameworks */ = {
			isa = PBXShellScriptBuildPhase;
			buildActionMask = 2147483647;
			files = (
			);
			inputPaths = (
			);
			name = "[CP] Embed Pods Frameworks";
			outputPaths = (
			);
			runOnlyForDeploymentPostprocessing = 0;
			shellPath = /bin/sh;
			shellScript = "\"${SRCROOT}/Pods/Target Support Files/Pods-WhatieSDKDemo/Pods-WhatieSDKDemo-frameworks.sh\"\n";
			showEnvVarsInLog = 0;
		};
		47514C56B3D1EBF1168C201A /* [CP] Embed Pods Frameworks */ = {
			isa = PBXShellScriptBuildPhase;
			buildActionMask = 2147483647;
			files = (
			);
			inputPaths = (
			);
			name = "[CP] Embed Pods Frameworks";
			outputPaths = (
			);
			runOnlyForDeploymentPostprocessing = 0;
			shellPath = /bin/sh;
			shellScript = "\"${SRCROOT}/Pods/Target Support Files/Pods-WhatieSDKDemoUITests/Pods-WhatieSDKDemoUITests-frameworks.sh\"\n";
			showEnvVarsInLog = 0;
		};
		566BA2460D0B01AC6445FA9E /* [CP] Copy Pods Resources */ = {
			isa = PBXShellScriptBuildPhase;
			buildActionMask = 2147483647;
			files = (
			);
			inputPaths = (
			);
			name = "[CP] Copy Pods Resources";
			outputPaths = (
			);
			runOnlyForDeploymentPostprocessing = 0;
			shellPath = /bin/sh;
			shellScript = "\"${SRCROOT}/Pods/Target Support Files/Pods-WhatieSDKDemo/Pods-WhatieSDKDemo-resources.sh\"\n";
			showEnvVarsInLog = 0;
		};
		5918DC7038CEF9FC8F25EC70 /* [CP] Check Pods Manifest.lock */ = {
			isa = PBXShellScriptBuildPhase;
			buildActionMask = 2147483647;
			files = (
			);
			inputPaths = (
				"${PODS_PODFILE_DIR_PATH}/Podfile.lock",
				"${PODS_ROOT}/Manifest.lock",
			);
			name = "[CP] Check Pods Manifest.lock";
			outputPaths = (
				"$(DERIVED_FILE_DIR)/Pods-WhatieSDKDemo-checkManifestLockResult.txt",
			);
			runOnlyForDeploymentPostprocessing = 0;
			shellPath = /bin/sh;
			shellScript = "diff \"${PODS_PODFILE_DIR_PATH}/Podfile.lock\" \"${PODS_ROOT}/Manifest.lock\" > /dev/null\nif [ $? != 0 ] ; then\n    # print error to STDERR\n    echo \"error: The sandbox is not in sync with the Podfile.lock. Run 'pod install' or update your CocoaPods installation.\" >&2\n    exit 1\nfi\n# This output is used by Xcode 'outputs' to avoid re-running this script phase.\necho \"SUCCESS\" > \"${SCRIPT_OUTPUT_FILE_0}\"\n";
			showEnvVarsInLog = 0;
		};
		A2E4B4EA8F836762C0AB97ED /* [CP] Copy Pods Resources */ = {
			isa = PBXShellScriptBuildPhase;
			buildActionMask = 2147483647;
			files = (
			);
			inputPaths = (
			);
			name = "[CP] Copy Pods Resources";
			outputPaths = (
			);
			runOnlyForDeploymentPostprocessing = 0;
			shellPath = /bin/sh;
			shellScript = "\"${SRCROOT}/Pods/Target Support Files/Pods-WhatieSDKDemoTests/Pods-WhatieSDKDemoTests-resources.sh\"\n";
			showEnvVarsInLog = 0;
		};
		C73B621CB25810444E1B7943 /* [CP] Embed Pods Frameworks */ = {
			isa = PBXShellScriptBuildPhase;
			buildActionMask = 2147483647;
			files = (
			);
			inputPaths = (
			);
			name = "[CP] Embed Pods Frameworks";
			outputPaths = (
			);
			runOnlyForDeploymentPostprocessing = 0;
			shellPath = /bin/sh;
			shellScript = "\"${SRCROOT}/Pods/Target Support Files/Pods-WhatieSDKDemoTests/Pods-WhatieSDKDemoTests-frameworks.sh\"\n";
			showEnvVarsInLog = 0;
		};
		F4F7EBB0567C4AC6EF7A05A0 /* [CP] Check Pods Manifest.lock */ = {
			isa = PBXShellScriptBuildPhase;
			buildActionMask = 2147483647;
			files = (
			);
			inputPaths = (
				"${PODS_PODFILE_DIR_PATH}/Podfile.lock",
				"${PODS_ROOT}/Manifest.lock",
			);
			name = "[CP] Check Pods Manifest.lock";
			outputPaths = (
				"$(DERIVED_FILE_DIR)/Pods-WhatieSDKDemoUITests-checkManifestLockResult.txt",
			);
			runOnlyForDeploymentPostprocessing = 0;
			shellPath = /bin/sh;
			shellScript = "diff \"${PODS_PODFILE_DIR_PATH}/Podfile.lock\" \"${PODS_ROOT}/Manifest.lock\" > /dev/null\nif [ $? != 0 ] ; then\n    # print error to STDERR\n    echo \"error: The sandbox is not in sync with the Podfile.lock. Run 'pod install' or update your CocoaPods installation.\" >&2\n    exit 1\nfi\n# This output is used by Xcode 'outputs' to avoid re-running this script phase.\necho \"SUCCESS\" > \"${SCRIPT_OUTPUT_FILE_0}\"\n";
			showEnvVarsInLog = 0;
		};
		FCCF4591DD9077897E71D756 /* [CP] Copy Pods Resources */ = {
			isa = PBXShellScriptBuildPhase;
			buildActionMask = 2147483647;
			files = (
			);
			inputPaths = (
			);
			name = "[CP] Copy Pods Resources";
			outputPaths = (
			);
			runOnlyForDeploymentPostprocessing = 0;
			shellPath = /bin/sh;
			shellScript = "\"${SRCROOT}/Pods/Target Support Files/Pods-WhatieSDKDemoUITests/Pods-WhatieSDKDemoUITests-resources.sh\"\n";
			showEnvVarsInLog = 0;
		};
/* End PBXShellScriptBuildPhase section */

/* Begin PBXSourcesBuildPhase section */
		0CB4A942208087AB008C2017 /* Sources */ = {
			isa = PBXSourcesBuildPhase;
			buildActionMask = 2147483647;
			files = (
				0CB4A94E208087AB008C2017 /* ViewController.m in Sources */,
				0CB4A959208087CB008C2017 /* main.m in Sources */,
				0CB4A94B208087AB008C2017 /* AppDelegate.m in Sources */,
			);
			runOnlyForDeploymentPostprocessing = 0;
		};
		0CB4A95A208087CB008C2017 /* Sources */ = {
			isa = PBXSourcesBuildPhase;
			buildActionMask = 2147483647;
			files = (
				0CB4A963208087CB008C2017 /* WhatieSDKDemoTests.m in Sources */,
			);
			runOnlyForDeploymentPostprocessing = 0;
		};
		0CB4A965208087CB008C2017 /* Sources */ = {
			isa = PBXSourcesBuildPhase;
			buildActionMask = 2147483647;
			files = (
				0CB4A96E208087CB008C2017 /* WhatieSDKDemoUITests.m in Sources */,
			);
			runOnlyForDeploymentPostprocessing = 0;
		};
/* End PBXSourcesBuildPhase section */

/* Begin PBXTargetDependency section */
		0CB4A960208087CB008C2017 /* PBXTargetDependency */ = {
			isa = PBXTargetDependency;
			target = 0CB4A945208087AB008C2017 /* WhatieSDKDemo */;
			targetProxy = 0CB4A95F208087CB008C2017 /* PBXContainerItemProxy */;
		};
		0CB4A96B208087CB008C2017 /* PBXTargetDependency */ = {
			isa = PBXTargetDependency;
			target = 0CB4A945208087AB008C2017 /* WhatieSDKDemo */;
			targetProxy = 0CB4A96A208087CB008C2017 /* PBXContainerItemProxy */;
		};
/* End PBXTargetDependency section */

/* Begin PBXVariantGroup section */
		0CB4A94F208087AB008C2017 /* Main.storyboard */ = {
			isa = PBXVariantGroup;
			children = (
				0CB4A950208087AB008C2017 /* Base */,
			);
			name = Main.storyboard;
			sourceTree = "<group>";
		};
		0CB4A954208087CB008C2017 /* LaunchScreen.storyboard */ = {
			isa = PBXVariantGroup;
			children = (
				0CB4A955208087CB008C2017 /* Base */,
			);
			name = LaunchScreen.storyboard;
			sourceTree = "<group>";
		};
/* End PBXVariantGroup section */

/* Begin XCBuildConfiguration section */
		0CB4A970208087CB008C2017 /* Debug */ = {
			isa = XCBuildConfiguration;
			buildSettings = {
				ALWAYS_SEARCH_USER_PATHS = NO;
				CLANG_ANALYZER_NONNULL = YES;
				CLANG_ANALYZER_NUMBER_OBJECT_CONVERSION = YES_AGGRESSIVE;
				CLANG_CXX_LANGUAGE_STANDARD = "gnu++14";
				CLANG_CXX_LIBRARY = "libc++";
				CLANG_ENABLE_MODULES = YES;
				CLANG_ENABLE_OBJC_ARC = YES;
				CLANG_ENABLE_OBJC_WEAK = YES;
				CLANG_WARN_BLOCK_CAPTURE_AUTORELEASING = YES;
				CLANG_WARN_BOOL_CONVERSION = YES;
				CLANG_WARN_COMMA = YES;
				CLANG_WARN_CONSTANT_CONVERSION = YES;
				CLANG_WARN_DEPRECATED_OBJC_IMPLEMENTATIONS = YES;
				CLANG_WARN_DIRECT_OBJC_ISA_USAGE = YES_ERROR;
				CLANG_WARN_DOCUMENTATION_COMMENTS = YES;
				CLANG_WARN_EMPTY_BODY = YES;
				CLANG_WARN_ENUM_CONVERSION = YES;
				CLANG_WARN_INFINITE_RECURSION = YES;
				CLANG_WARN_INT_CONVERSION = YES;
				CLANG_WARN_NON_LITERAL_NULL_CONVERSION = YES;
				CLANG_WARN_OBJC_IMPLICIT_RETAIN_SELF = YES;
				CLANG_WARN_OBJC_LITERAL_CONVERSION = YES;
				CLANG_WARN_OBJC_ROOT_CLASS = YES_ERROR;
				CLANG_WARN_RANGE_LOOP_ANALYSIS = YES;
				CLANG_WARN_STRICT_PROTOTYPES = YES;
				CLANG_WARN_SUSPICIOUS_MOVE = YES;
				CLANG_WARN_UNGUARDED_AVAILABILITY = YES_AGGRESSIVE;
				CLANG_WARN_UNREACHABLE_CODE = YES;
				CLANG_WARN__DUPLICATE_METHOD_MATCH = YES;
				CODE_SIGN_IDENTITY = "iPhone Developer";
				COPY_PHASE_STRIP = NO;
				DEBUG_INFORMATION_FORMAT = dwarf;
				ENABLE_STRICT_OBJC_MSGSEND = YES;
				ENABLE_TESTABILITY = YES;
				GCC_C_LANGUAGE_STANDARD = gnu11;
				GCC_DYNAMIC_NO_PIC = NO;
				GCC_NO_COMMON_BLOCKS = YES;
				GCC_OPTIMIZATION_LEVEL = 0;
				GCC_PREPROCESSOR_DEFINITIONS = (
					"DEBUG=1",
					"$(inherited)",
				);
				GCC_WARN_64_TO_32_BIT_CONVERSION = YES;
				GCC_WARN_ABOUT_RETURN_TYPE = YES_ERROR;
				GCC_WARN_UNDECLARED_SELECTOR = YES;
				GCC_WARN_UNINITIALIZED_AUTOS = YES_AGGRESSIVE;
				GCC_WARN_UNUSED_FUNCTION = YES;
				GCC_WARN_UNUSED_VARIABLE = YES;
				IPHONEOS_DEPLOYMENT_TARGET = 11.3;
				MTL_ENABLE_DEBUG_INFO = YES;
				ONLY_ACTIVE_ARCH = YES;
				SDKROOT = iphoneos;
			};
			name = Debug;
		};
		0CB4A971208087CB008C2017 /* Release */ = {
			isa = XCBuildConfiguration;
			buildSettings = {
				ALWAYS_SEARCH_USER_PATHS = NO;
				CLANG_ANALYZER_NONNULL = YES;
				CLANG_ANALYZER_NUMBER_OBJECT_CONVERSION = YES_AGGRESSIVE;
				CLANG_CXX_LANGUAGE_STANDARD = "gnu++14";
				CLANG_CXX_LIBRARY = "libc++";
				CLANG_ENABLE_MODULES = YES;
				CLANG_ENABLE_OBJC_ARC = YES;
				CLANG_ENABLE_OBJC_WEAK = YES;
				CLANG_WARN_BLOCK_CAPTURE_AUTORELEASING = YES;
				CLANG_WARN_BOOL_CONVERSION = YES;
				CLANG_WARN_COMMA = YES;
				CLANG_WARN_CONSTANT_CONVERSION = YES;
				CLANG_WARN_DEPRECATED_OBJC_IMPLEMENTATIONS = YES;
				CLANG_WARN_DIRECT_OBJC_ISA_USAGE = YES_ERROR;
				CLANG_WARN_DOCUMENTATION_COMMENTS = YES;
				CLANG_WARN_EMPTY_BODY = YES;
				CLANG_WARN_ENUM_CONVERSION = YES;
				CLANG_WARN_INFINITE_RECURSION = YES;
				CLANG_WARN_INT_CONVERSION = YES;
				CLANG_WARN_NON_LITERAL_NULL_CONVERSION = YES;
				CLANG_WARN_OBJC_IMPLICIT_RETAIN_SELF = YES;
				CLANG_WARN_OBJC_LITERAL_CONVERSION = YES;
				CLANG_WARN_OBJC_ROOT_CLASS = YES_ERROR;
				CLANG_WARN_RANGE_LOOP_ANALYSIS = YES;
				CLANG_WARN_STRICT_PROTOTYPES = YES;
				CLANG_WARN_SUSPICIOUS_MOVE = YES;
				CLANG_WARN_UNGUARDED_AVAILABILITY = YES_AGGRESSIVE;
				CLANG_WARN_UNREACHABLE_CODE = YES;
				CLANG_WARN__DUPLICATE_METHOD_MATCH = YES;
				CODE_SIGN_IDENTITY = "iPhone Developer";
				COPY_PHASE_STRIP = NO;
				DEBUG_INFORMATION_FORMAT = "dwarf-with-dsym";
				ENABLE_NS_ASSERTIONS = NO;
				ENABLE_STRICT_OBJC_MSGSEND = YES;
				GCC_C_LANGUAGE_STANDARD = gnu11;
				GCC_NO_COMMON_BLOCKS = YES;
				GCC_WARN_64_TO_32_BIT_CONVERSION = YES;
				GCC_WARN_ABOUT_RETURN_TYPE = YES_ERROR;
				GCC_WARN_UNDECLARED_SELECTOR = YES;
				GCC_WARN_UNINITIALIZED_AUTOS = YES_AGGRESSIVE;
				GCC_WARN_UNUSED_FUNCTION = YES;
				GCC_WARN_UNUSED_VARIABLE = YES;
				IPHONEOS_DEPLOYMENT_TARGET = 11.3;
				MTL_ENABLE_DEBUG_INFO = NO;
				SDKROOT = iphoneos;
				VALIDATE_PRODUCT = YES;
			};
			name = Release;
		};
		0CB4A973208087CB008C2017 /* Debug */ = {
			isa = XCBuildConfiguration;
			baseConfigurationReference = EFBA169DC859625F1DC506B3 /* Pods-WhatieSDKDemo.debug.xcconfig */;
			buildSettings = {
				ASSETCATALOG_COMPILER_APPICON_NAME = AppIcon;
				CODE_SIGN_STYLE = Automatic;
				DEVELOPMENT_TEAM = QQKD7VB289;
				FRAMEWORK_SEARCH_PATHS = (
					"$(inherited)",
					"$(PROJECT_DIR)",
				);
				INFOPLIST_FILE = WhatieSDKDemo/Info.plist;
				IPHONEOS_DEPLOYMENT_TARGET = 9.0;
				LD_RUNPATH_SEARCH_PATHS = (
					"$(inherited)",
					"@executable_path/Frameworks",
				);
				PRODUCT_BUNDLE_IDENTIFIER = com.whatie.WhatieSDKDemo;
				PRODUCT_NAME = "$(TARGET_NAME)";
				TARGETED_DEVICE_FAMILY = "1,2";
			};
			name = Debug;
		};
		0CB4A974208087CB008C2017 /* Release */ = {
			isa = XCBuildConfiguration;
			baseConfigurationReference = E59295F78C6670A39F64ADB2 /* Pods-WhatieSDKDemo.release.xcconfig */;
			buildSettings = {
				ASSETCATALOG_COMPILER_APPICON_NAME = AppIcon;
				CODE_SIGN_STYLE = Automatic;
				DEVELOPMENT_TEAM = QQKD7VB289;
				FRAMEWORK_SEARCH_PATHS = (
					"$(inherited)",
					"$(PROJECT_DIR)",
				);
				INFOPLIST_FILE = WhatieSDKDemo/Info.plist;
				IPHONEOS_DEPLOYMENT_TARGET = 9.0;
				LD_RUNPATH_SEARCH_PATHS = (
					"$(inherited)",
					"@executable_path/Frameworks",
				);
				PRODUCT_BUNDLE_IDENTIFIER = com.whatie.WhatieSDKDemo;
				PRODUCT_NAME = "$(TARGET_NAME)";
				TARGETED_DEVICE_FAMILY = "1,2";
			};
			name = Release;
		};
		0CB4A976208087CB008C2017 /* Debug */ = {
			isa = XCBuildConfiguration;
			baseConfigurationReference = B5D753639852B3A92984AB2A /* Pods-WhatieSDKDemoTests.debug.xcconfig */;
			buildSettings = {
				BUNDLE_LOADER = "$(TEST_HOST)";
				CODE_SIGN_STYLE = Automatic;
				DEVELOPMENT_TEAM = QQKD7VB289;
				INFOPLIST_FILE = WhatieSDKDemoTests/Info.plist;
				LD_RUNPATH_SEARCH_PATHS = (
					"$(inherited)",
					"@executable_path/Frameworks",
					"@loader_path/Frameworks",
				);
				PRODUCT_BUNDLE_IDENTIFIER = com.whatie.WhatieSDKDemoTests;
				PRODUCT_NAME = "$(TARGET_NAME)";
				TARGETED_DEVICE_FAMILY = "1,2";
				TEST_HOST = "$(BUILT_PRODUCTS_DIR)/WhatieSDKDemo.app/WhatieSDKDemo";
			};
			name = Debug;
		};
		0CB4A977208087CB008C2017 /* Release */ = {
			isa = XCBuildConfiguration;
			baseConfigurationReference = BC50C01285FE41E243FCAA47 /* Pods-WhatieSDKDemoTests.release.xcconfig */;
			buildSettings = {
				BUNDLE_LOADER = "$(TEST_HOST)";
				CODE_SIGN_STYLE = Automatic;
				DEVELOPMENT_TEAM = QQKD7VB289;
				INFOPLIST_FILE = WhatieSDKDemoTests/Info.plist;
				LD_RUNPATH_SEARCH_PATHS = (
					"$(inherited)",
					"@executable_path/Frameworks",
					"@loader_path/Frameworks",
				);
				PRODUCT_BUNDLE_IDENTIFIER = com.whatie.WhatieSDKDemoTests;
				PRODUCT_NAME = "$(TARGET_NAME)";
				TARGETED_DEVICE_FAMILY = "1,2";
				TEST_HOST = "$(BUILT_PRODUCTS_DIR)/WhatieSDKDemo.app/WhatieSDKDemo";
			};
			name = Release;
		};
		0CB4A979208087CB008C2017 /* Debug */ = {
			isa = XCBuildConfiguration;
			baseConfigurationReference = 825AAC3DEE68AC92AB5E68E7 /* Pods-WhatieSDKDemoUITests.debug.xcconfig */;
			buildSettings = {
				CODE_SIGN_STYLE = Automatic;
				DEVELOPMENT_TEAM = QQKD7VB289;
				INFOPLIST_FILE = WhatieSDKDemoUITests/Info.plist;
				LD_RUNPATH_SEARCH_PATHS = (
					"$(inherited)",
					"@executable_path/Frameworks",
					"@loader_path/Frameworks",
				);
				PRODUCT_BUNDLE_IDENTIFIER = com.whatie.WhatieSDKDemoUITests;
				PRODUCT_NAME = "$(TARGET_NAME)";
				TARGETED_DEVICE_FAMILY = "1,2";
				TEST_TARGET_NAME = WhatieSDKDemo;
			};
			name = Debug;
		};
		0CB4A97A208087CB008C2017 /* Release */ = {
			isa = XCBuildConfiguration;
			baseConfigurationReference = E7AE5D8608AC924544C66DEB /* Pods-WhatieSDKDemoUITests.release.xcconfig */;
			buildSettings = {
				CODE_SIGN_STYLE = Automatic;
				DEVELOPMENT_TEAM = QQKD7VB289;
				INFOPLIST_FILE = WhatieSDKDemoUITests/Info.plist;
				LD_RUNPATH_SEARCH_PATHS = (
					"$(inherited)",
					"@executable_path/Frameworks",
					"@loader_path/Frameworks",
				);
				PRODUCT_BUNDLE_IDENTIFIER = com.whatie.WhatieSDKDemoUITests;
				PRODUCT_NAME = "$(TARGET_NAME)";
				TARGETED_DEVICE_FAMILY = "1,2";
				TEST_TARGET_NAME = WhatieSDKDemo;
			};
			name = Release;
		};
/* End XCBuildConfiguration section */

/* Begin XCConfigurationList section */
		0CB4A941208087AB008C2017 /* Build configuration list for PBXProject "WhatieSDKDemo" */ = {
			isa = XCConfigurationList;
			buildConfigurations = (
				0CB4A970208087CB008C2017 /* Debug */,
				0CB4A971208087CB008C2017 /* Release */,
			);
			defaultConfigurationIsVisible = 0;
			defaultConfigurationName = Release;
		};
		0CB4A972208087CB008C2017 /* Build configuration list for PBXNativeTarget "WhatieSDKDemo" */ = {
			isa = XCConfigurationList;
			buildConfigurations = (
				0CB4A973208087CB008C2017 /* Debug */,
				0CB4A974208087CB008C2017 /* Release */,
			);
			defaultConfigurationIsVisible = 0;
			defaultConfigurationName = Release;
		};
		0CB4A975208087CB008C2017 /* Build configuration list for PBXNativeTarget "WhatieSDKDemoTests" */ = {
			isa = XCConfigurationList;
			buildConfigurations = (
				0CB4A976208087CB008C2017 /* Debug */,
				0CB4A977208087CB008C2017 /* Release */,
			);
			defaultConfigurationIsVisible = 0;
			defaultConfigurationName = Release;
		};
		0CB4A978208087CB008C2017 /* Build configuration list for PBXNativeTarget "WhatieSDKDemoUITests" */ = {
			isa = XCConfigurationList;
			buildConfigurations = (
				0CB4A979208087CB008C2017 /* Debug */,
				0CB4A97A208087CB008C2017 /* Release */,
			);
			defaultConfigurationIsVisible = 0;
			defaultConfigurationName = Release;
		};
/* End XCConfigurationList section */
	};
	rootObject = 0CB4A93E208087AB008C2017 /* Project object */;
}
